
Microsoft Visual Studio Solution File, Format Version 12.00
# Visual Studio Version 16
VisualStudioVersion = 16.0.29215.179
MinimumVisualStudioVersion = 10.0.40219.1
Project("{FAE04EC0-301F-11D3-BF4B-00C04F79EFBC}") = "WaterskiBaan", "WaterskiBaan\WaterskiBaan.csproj", "{F969F0DF-1F8F-40DA-AE7B-84834DFC357B}"
EndProject
Global
	GlobalSection(SolutionConfigurationPlatforms) = preSolution
		Debug|Any CPU = Debug|Any CPU
		Release|Any CPU = Release|Any CPU
	EndGlobalSection
	GlobalSection(ProjectConfigurationPlatforms) = postSolution
		{F969F0DF-1F8F-40DA-AE7B-84834DFC357B}.Debug|Any CPU.ActiveCfg = Debug|Any CPU
		{F969F0DF-1F8F-40DA-AE7B-84834DFC357B}.Debug|Any CPU.Build.0 = Debug|Any CPU
		{F969F0DF-1F8F-40DA-AE7B-84834DFC357B}.Release|Any CPU.ActiveCfg = Release|Any CPU
		{F969F0DF-1F8F-40DA-AE7B-84834DFC357B}.Release|Any CPU.Build.0 = Release|Any CPU
	EndGlobalSection
	GlobalSection(SolutionProperties) = preSolution
		HideSolutionNode = FALSE
	EndGlobalSection
	GlobalSection(ExtensibilityGlobals) = postSolution
		SolutionGuid = {59BFEE93-C633-4BF4-B929-CE412E533C7A}
	EndGlobalSection
EndGlobal
